
Microsoft Visual Studio Solution File, Format Version 12.00
# Visual Studio 15
VisualStudioVersion = 15.0.28307.136
MinimumVisualStudioVersion = 10.0.40219.1
Project("{9A19103F-16F7-4668-BE54-9A1E7A4F7556}") = "AzurePipelineSample", "AzurePipelineSample\AzurePipelineSample.csproj", "{3542AA11-3E42-4EA0-BCD4-255767FCA83E}"
EndProject
Project("{FAE04EC0-301F-11D3-BF4B-00C04F79EFBC}") = "AzurePipelineSample.Tests", "AzurePipelineSample.Tests\AzurePipelineSample.Tests.csproj", "{998377CC-9807-48B4-B903-F8813945BD3E}"
EndProject
Global
	GlobalSection(SolutionConfigurationPlatforms) = preSolution
		Debug|Any CPU = Debug|Any CPU
		Release|Any CPU = Release|Any CPU
	EndGlobalSection
	GlobalSection(ProjectConfigurationPlatforms) = postSolution
		{3542AA11-3E42-4EA0-BCD4-255767FCA83E}.Debug|Any CPU.ActiveCfg = Debug|Any CPU
		{3542AA11-3E42-4EA0-BCD4-255767FCA83E}.Debug|Any CPU.Build.0 = Debug|Any CPU
		{3542AA11-3E42-4EA0-BCD4-255767FCA83E}.Release|Any CPU.ActiveCfg = Release|Any CPU
		{3542AA11-3E42-4EA0-BCD4-255767FCA83E}.Release|Any CPU.Build.0 = Release|Any CPU
		{998377CC-9807-48B4-B903-F8813945BD3E}.Debug|Any CPU.ActiveCfg = Debug|Any CPU
		{998377CC-9807-48B4-B903-F8813945BD3E}.Debug|Any CPU.Build.0 = Debug|Any CPU
		{998377CC-9807-48B4-B903-F8813945BD3E}.Release|Any CPU.ActiveCfg = Release|Any CPU
		{998377CC-9807-48B4-B903-F8813945BD3E}.Release|Any CPU.Build.0 = Release|Any CPU
	EndGlobalSection
	GlobalSection(SolutionProperties) = preSolution
		HideSolutionNode = FALSE
	EndGlobalSection
	GlobalSection(ExtensibilityGlobals) = postSolution
		SolutionGuid = {DA00209B-5AFD-443C-B6F7-F11207D6A10B}
	EndGlobalSection
EndGlobal
